
Microsoft Visual Studio Solution File, Format Version 12.00
Project("{FAE04EC0-301F-11D3-BF4B-00C04F79EFBC}") = "PrivatePond", "PrivatePond\PrivatePond.csproj", "{3BD46341-F865-407B-A8FD-F31555A925C0}"
EndProject
Project("{FAE04EC0-301F-11D3-BF4B-00C04F79EFBC}") = "PrivatePond.Tests", "PrivatePond.Tests\PrivatePond.Tests.csproj", "{2ACE3219-50DF-48CB-A991-D683416ED2A2}"
EndProject
Global
	GlobalSection(SolutionConfigurationPlatforms) = preSolution
		Debug|Any CPU = Debug|Any CPU
		Release|Any CPU = Release|Any CPU
	EndGlobalSection
	GlobalSection(ProjectConfigurationPlatforms) = postSolution
		{3BD46341-F865-407B-A8FD-F31555A925C0}.Debug|Any CPU.ActiveCfg = Debug|Any CPU
		{3BD46341-F865-407B-A8FD-F31555A925C0}.Debug|Any CPU.Build.0 = Debug|Any CPU
		{3BD46341-F865-407B-A8FD-F31555A925C0}.Release|Any CPU.ActiveCfg = Release|Any CPU
		{3BD46341-F865-407B-A8FD-F31555A925C0}.Release|Any CPU.Build.0 = Release|Any CPU
		{2ACE3219-50DF-48CB-A991-D683416ED2A2}.Debug|Any CPU.ActiveCfg = Debug|Any CPU
		{2ACE3219-50DF-48CB-A991-D683416ED2A2}.Debug|Any CPU.Build.0 = Debug|Any CPU
		{2ACE3219-50DF-48CB-A991-D683416ED2A2}.Release|Any CPU.ActiveCfg = Release|Any CPU
		{2ACE3219-50DF-48CB-A991-D683416ED2A2}.Release|Any CPU.Build.0 = Release|Any CPU
	EndGlobalSection
EndGlobal
